// !$*UTF8*$!
{
	archiveVersion = 1;
	classes = {
	};
	objectVersion = 55;
	objects = {

/* Begin PBXBuildFile section */
		278BC02628D33EC500D890A9 /* AppDelegate.swift in Sources */ = {isa = PBXBuildFile; fileRef = 278BC02528D33EC500D890A9 /* AppDelegate.swift */; };
		278BC02828D33EC500D890A9 /* SceneDelegate.swift in Sources */ = {isa = PBXBuildFile; fileRef = 278BC02728D33EC500D890A9 /* SceneDelegate.swift */; };
		278BC02A28D33EC500D890A9 /* ViewController.swift in Sources */ = {isa = PBXBuildFile; fileRef = 278BC02928D33EC500D890A9 /* ViewController.swift */; };
		278BC02D28D33EC500D890A9 /* Main.storyboard in Resources */ = {isa = PBXBuildFile; fileRef = 278BC02B28D33EC500D890A9 /* Main.storyboard */; };
		278BC03028D33EC500D890A9 /* MicroDemands.xcdatamodeld in Sources */ = {isa = PBXBuildFile; fileRef = 278BC02E28D33EC500D890A9 /* MicroDemands.xcdatamodeld */; };
		278BC03228D33EC700D890A9 /* Assets.xcassets in Resources */ = {isa = PBXBuildFile; fileRef = 278BC03128D33EC700D890A9 /* Assets.xcassets */; };
		278BC03528D33EC700D890A9 /* LaunchScreen.storyboard in Resources */ = {isa = PBXBuildFile; fileRef = 278BC03328D33EC700D890A9 /* LaunchScreen.storyboard */; };
		278BC04028D33EC800D890A9 /* MicroDemandsTests.swift in Sources */ = {isa = PBXBuildFile; fileRef = 278BC03F28D33EC800D890A9 /* MicroDemandsTests.swift */; };
		278BC04A28D33EC800D890A9 /* MicroDemandsUITests.swift in Sources */ = {isa = PBXBuildFile; fileRef = 278BC04928D33EC800D890A9 /* MicroDemandsUITests.swift */; };
		278BC04C28D33EC800D890A9 /* MicroDemandsUITestsLaunchTests.swift in Sources */ = {isa = PBXBuildFile; fileRef = 278BC04B28D33EC800D890A9 /* MicroDemandsUITestsLaunchTests.swift */; };
/* End PBXBuildFile section */

/* Begin PBXContainerItemProxy section */
		278BC03C28D33EC800D890A9 /* PBXContainerItemProxy */ = {
			isa = PBXContainerItemProxy;
			containerPortal = 278BC01A28D33EC500D890A9 /* Project object */;
			proxyType = 1;
			remoteGlobalIDString = 278BC02128D33EC500D890A9;
			remoteInfo = MicroDemands;
		};
		278BC04628D33EC800D890A9 /* PBXContainerItemProxy */ = {
			isa = PBXContainerItemProxy;
			containerPortal = 278BC01A28D33EC500D890A9 /* Project object */;
			proxyType = 1;
			remoteGlobalIDString = 278BC02128D33EC500D890A9;
			remoteInfo = MicroDemands;
		};
/* End PBXContainerItemProxy section */

/* Begin PBXFileReference section */
		278BC02228D33EC500D890A9 /* MicroDemands.app */ = {isa = PBXFileReference; explicitFileType = wrapper.application; includeInIndex = 0; path = MicroDemands.app; sourceTree = BUILT_PRODUCTS_DIR; };
		278BC02528D33EC500D890A9 /* AppDelegate.swift */ = {isa = PBXFileReference; lastKnownFileType = sourcecode.swift; path = AppDelegate.swift; sourceTree = "<group>"; };
		278BC02728D33EC500D890A9 /* SceneDelegate.swift */ = {isa = PBXFileReference; lastKnownFileType = sourcecode.swift; path = SceneDelegate.swift; sourceTree = "<group>"; };
		278BC02928D33EC500D890A9 /* ViewController.swift */ = {isa = PBXFileReference; lastKnownFileType = sourcecode.swift; path = ViewController.swift; sourceTree = "<group>"; };
		278BC02C28D33EC500D890A9 /* Base */ = {isa = PBXFileReference; lastKnownFileType = file.storyboard; name = Base; path = Base.lproj/Main.storyboard; sourceTree = "<group>"; };
		278BC02F28D33EC500D890A9 /* MicroDemands.xcdatamodel */ = {isa = PBXFileReference; lastKnownFileType = wrapper.xcdatamodel; path = MicroDemands.xcdatamodel; sourceTree = "<group>"; };
		278BC03128D33EC700D890A9 /* Assets.xcassets */ = {isa = PBXFileReference; lastKnownFileType = folder.assetcatalog; path = Assets.xcassets; sourceTree = "<group>"; };
		278BC03428D33EC700D890A9 /* Base */ = {isa = PBXFileReference; lastKnownFileType = file.storyboard; name = Base; path = Base.lproj/LaunchScreen.storyboard; sourceTree = "<group>"; };
		278BC03628D33EC700D890A9 /* Info.plist */ = {isa = PBXFileReference; lastKnownFileType = text.plist.xml; path = Info.plist; sourceTree = "<group>"; };
		278BC03B28D33EC800D890A9 /* MicroDemandsTests.xctest */ = {isa = PBXFileReference; explicitFileType = wrapper.cfbundle; includeInIndex = 0; path = MicroDemandsTests.xctest; sourceTree = BUILT_PRODUCTS_DIR; };
		278BC03F28D33EC800D890A9 /* MicroDemandsTests.swift */ = {isa = PBXFileReference; lastKnownFileType = sourcecode.swift; path = MicroDemandsTests.swift; sourceTree = "<group>"; };
		278BC04528D33EC800D890A9 /* MicroDemandsUITests.xctest */ = {isa = PBXFileReference; explicitFileType = wrapper.cfbundle; includeInIndex = 0; path = MicroDemandsUITests.xctest; sourceTree = BUILT_PRODUCTS_DIR; };
		278BC04928D33EC800D890A9 /* MicroDemandsUITests.swift */ = {isa = PBXFileReference; lastKnownFileType = sourcecode.swift; path = MicroDemandsUITests.swift; sourceTree = "<group>"; };
		278BC04B28D33EC800D890A9 /* MicroDemandsUITestsLaunchTests.swift */ = {isa = PBXFileReference; lastKnownFileType = sourcecode.swift; path = MicroDemandsUITestsLaunchTests.swift; sourceTree = "<group>"; };
/* End PBXFileReference section */

/* Begin PBXFrameworksBuildPhase section */
		278BC01F28D33EC500D890A9 /* Frameworks */ = {
			isa = PBXFrameworksBuildPhase;
			buildActionMask = 2147483647;
			files = (
			);
			runOnlyForDeploymentPostprocessing = 0;
		};
		278BC03828D33EC800D890A9 /* Frameworks */ = {
			isa = PBXFrameworksBuildPhase;
			buildActionMask = 2147483647;
			files = (
			);
			runOnlyForDeploymentPostprocessing = 0;
		};
		278BC04228D33EC800D890A9 /* Frameworks */ = {
			isa = PBXFrameworksBuildPhase;
			buildActionMask = 2147483647;
			files = (
			);
			runOnlyForDeploymentPostprocessing = 0;
		};
/* End PBXFrameworksBuildPhase section */

/* Begin PBXGroup section */
		278BC01928D33EC500D890A9 = {
			isa = PBXGroup;
			children = (
				278BC02428D33EC500D890A9 /* MicroDemands */,
				278BC03E28D33EC800D890A9 /* MicroDemandsTests */,
				278BC04828D33EC800D890A9 /* MicroDemandsUITests */,
				278BC02328D33EC500D890A9 /* Products */,
			);
			sourceTree = "<group>";
		};
		278BC02328D33EC500D890A9 /* Products */ = {
			isa = PBXGroup;
			children = (
				278BC02228D33EC500D890A9 /* MicroDemands.app */,
				278BC03B28D33EC800D890A9 /* MicroDemandsTests.xctest */,
				278BC04528D33EC800D890A9 /* MicroDemandsUITests.xctest */,
			);
			name = Products;
			sourceTree = "<group>";
		};
		278BC02428D33EC500D890A9 /* MicroDemands */ = {
			isa = PBXGroup;
			children = (
				278BC02528D33EC500D890A9 /* AppDelegate.swift */,
				278BC02728D33EC500D890A9 /* SceneDelegate.swift */,
				278BC02928D33EC500D890A9 /* ViewController.swift */,
				278BC02B28D33EC500D890A9 /* Main.storyboard */,
				278BC03128D33EC700D890A9 /* Assets.xcassets */,
				278BC03328D33EC700D890A9 /* LaunchScreen.storyboard */,
				278BC03628D33EC700D890A9 /* Info.plist */,
				278BC02E28D33EC500D890A9 /* MicroDemands.xcdatamodeld */,
			);
			path = MicroDemands;
			sourceTree = "<group>";
		};
		278BC03E28D33EC800D890A9 /* MicroDemandsTests */ = {
			isa = PBXGroup;
			children = (
				278BC03F28D33EC800D890A9 /* MicroDemandsTests.swift */,
			);
			path = MicroDemandsTests;
			sourceTree = "<group>";
		};
		278BC04828D33EC800D890A9 /* MicroDemandsUITests */ = {
			isa = PBXGroup;
			children = (
				278BC04928D33EC800D890A9 /* MicroDemandsUITests.swift */,
				278BC04B28D33EC800D890A9 /* MicroDemandsUITestsLaunchTests.swift */,
			);
			path = MicroDemandsUITests;
			sourceTree = "<group>";
		};
/* End PBXGroup section */

/* Begin PBXNativeTarget section */
		278BC02128D33EC500D890A9 /* MicroDemands */ = {
			isa = PBXNativeTarget;
			buildConfigurationList = 278BC04F28D33EC800D890A9 /* Build configuration list for PBXNativeTarget "MicroDemands" */;
			buildPhases = (
				278BC01E28D33EC500D890A9 /* Sources */,
				278BC01F28D33EC500D890A9 /* Frameworks */,
				278BC02028D33EC500D890A9 /* Resources */,
			);
			buildRules = (
			);
			dependencies = (
			);
			name = MicroDemands;
			productName = MicroDemands;
			productReference = 278BC02228D33EC500D890A9 /* MicroDemands.app */;
			productType = "com.apple.product-type.application";
		};
		278BC03A28D33EC800D890A9 /* MicroDemandsTests */ = {
			isa = PBXNativeTarget;
			buildConfigurationList = 278BC05228D33EC800D890A9 /* Build configuration list for PBXNativeTarget "MicroDemandsTests" */;
			buildPhases = (
				278BC03728D33EC800D890A9 /* Sources */,
				278BC03828D33EC800D890A9 /* Frameworks */,
				278BC03928D33EC800D890A9 /* Resources */,
			);
			buildRules = (
			);
			dependencies = (
				278BC03D28D33EC800D890A9 /* PBXTargetDependency */,
			);
			name = MicroDemandsTests;
			productName = MicroDemandsTests;
			productReference = 278BC03B28D33EC800D890A9 /* MicroDemandsTests.xctest */;
			productType = "com.apple.product-type.bundle.unit-test";
		};
		278BC04428D33EC800D890A9 /* MicroDemandsUITests */ = {
			isa = PBXNativeTarget;
			buildConfigurationList = 278BC05528D33EC800D890A9 /* Build configuration list for PBXNativeTarget "MicroDemandsUITests" */;
			buildPhases = (
				278BC04128D33EC800D890A9 /* Sources */,
				278BC04228D33EC800D890A9 /* Frameworks */,
				278BC04328D33EC800D890A9 /* Resources */,
			);
			buildRules = (
			);
			dependencies = (
				278BC04728D33EC800D890A9 /* PBXTargetDependency */,
			);
			name = MicroDemandsUITests;
			productName = MicroDemandsUITests;
			productReference = 278BC04528D33EC800D890A9 /* MicroDemandsUITests.xctest */;
			productType = "com.apple.product-type.bundle.ui-testing";
		};
/* End PBXNativeTarget section */

/* Begin PBXProject section */
		278BC01A28D33EC500D890A9 /* Project object */ = {
			isa = PBXProject;
			attributes = {
				BuildIndependentTargetsInParallel = 1;
				LastSwiftUpdateCheck = 1340;
				LastUpgradeCheck = 1340;
				TargetAttributes = {
					278BC02128D33EC500D890A9 = {
						CreatedOnToolsVersion = 13.4.1;
					};
					278BC03A28D33EC800D890A9 = {
						CreatedOnToolsVersion = 13.4.1;
						TestTargetID = 278BC02128D33EC500D890A9;
					};
					278BC04428D33EC800D890A9 = {
						CreatedOnToolsVersion = 13.4.1;
						TestTargetID = 278BC02128D33EC500D890A9;
					};
				};
			};
			buildConfigurationList = 278BC01D28D33EC500D890A9 /* Build configuration list for PBXProject "MicroDemands" */;
			compatibilityVersion = "Xcode 13.0";
			developmentRegion = en;
			hasScannedForEncodings = 0;
			knownRegions = (
				en,
				Base,
			);
			mainGroup = 278BC01928D33EC500D890A9;
			productRefGroup = 278BC02328D33EC500D890A9 /* Products */;
			projectDirPath = "";
			projectRoot = "";
			targets = (
				278BC02128D33EC500D890A9 /* MicroDemands */,
				278BC03A28D33EC800D890A9 /* MicroDemandsTests */,
				278BC04428D33EC800D890A9 /* MicroDemandsUITests */,
			);
		};
/* End PBXProject section */

/* Begin PBXResourcesBuildPhase section */
		278BC02028D33EC500D890A9 /* Resources */ = {
			isa = PBXResourcesBuildPhase;
			buildActionMask = 2147483647;
			files = (
				278BC03528D33EC700D890A9 /* LaunchScreen.storyboard in Resources */,
				278BC03228D33EC700D890A9 /* Assets.xcassets in Resources */,
				278BC02D28D33EC500D890A9 /* Main.storyboard in Resources */,
			);
			runOnlyForDeploymentPostprocessing = 0;
		};
		278BC03928D33EC800D890A9 /* Resources */ = {
			isa = PBXResourcesBuildPhase;
			buildActionMask = 2147483647;
			files = (
			);
			runOnlyForDeploymentPostprocessing = 0;
		};
		278BC04328D33EC800D890A9 /* Resources */ = {
			isa = PBXResourcesBuildPhase;
			buildActionMask = 2147483647;
			files = (
			);
			runOnlyForDeploymentPostprocessing = 0;
		};
/* End PBXResourcesBuildPhase section */

/* Begin PBXSourcesBuildPhase section */
		278BC01E28D33EC500D890A9 /* Sources */ = {
			isa = PBXSourcesBuildPhase;
			buildActionMask = 2147483647;
			files = (
				278BC02A28D33EC500D890A9 /* ViewController.swift in Sources */,
				278BC02628D33EC500D890A9 /* AppDelegate.swift in Sources */,
				278BC02828D33EC500D890A9 /* SceneDelegate.swift in Sources */,
				278BC03028D33EC500D890A9 /* MicroDemands.xcdatamodeld in Sources */,
			);
			runOnlyForDeploymentPostprocessing = 0;
		};
		278BC03728D33EC800D890A9 /* Sources */ = {
			isa = PBXSourcesBuildPhase;
			buildActionMask = 2147483647;
			files = (
				278BC04028D33EC800D890A9 /* MicroDemandsTests.swift in Sources */,
			);
			runOnlyForDeploymentPostprocessing = 0;
		};
		278BC04128D33EC800D890A9 /* Sources */ = {
			isa = PBXSourcesBuildPhase;
			buildActionMask = 2147483647;
			files = (
				278BC04C28D33EC800D890A9 /* MicroDemandsUITestsLaunchTests.swift in Sources */,
				278BC04A28D33EC800D890A9 /* MicroDemandsUITests.swift in Sources */,
			);
			runOnlyForDeploymentPostprocessing = 0;
		};
/* End PBXSourcesBuildPhase section */

/* Begin PBXTargetDependency section */
		278BC03D28D33EC800D890A9 /* PBXTargetDependency */ = {
			isa = PBXTargetDependency;
			target = 278BC02128D33EC500D890A9 /* MicroDemands */;
			targetProxy = 278BC03C28D33EC800D890A9 /* PBXContainerItemProxy */;
		};
		278BC04728D33EC800D890A9 /* PBXTargetDependency */ = {
			isa = PBXTargetDependency;
			target = 278BC02128D33EC500D890A9 /* MicroDemands */;
			targetProxy = 278BC04628D33EC800D890A9 /* PBXContainerItemProxy */;
		};
/* End PBXTargetDependency section */

/* Begin PBXVariantGroup section */
		278BC02B28D33EC500D890A9 /* Main.storyboard */ = {
			isa = PBXVariantGroup;
			children = (
				278BC02C28D33EC500D890A9 /* Base */,
			);
			name = Main.storyboard;
			sourceTree = "<group>";
		};
		278BC03328D33EC700D890A9 /* LaunchScreen.storyboard */ = {
			isa = PBXVariantGroup;
			children = (
				278BC03428D33EC700D890A9 /* Base */,
			);
			name = LaunchScreen.storyboard;
			sourceTree = "<group>";
		};
/* End PBXVariantGroup section */

/* Begin XCBuildConfiguration section */
		278BC04D28D33EC800D890A9 /* Debug */ = {
			isa = XCBuildConfiguration;
			buildSettings = {
				ALWAYS_SEARCH_USER_PATHS = NO;
				CLANG_ANALYZER_NONNULL = YES;
				CLANG_ANALYZER_NUMBER_OBJECT_CONVERSION = YES_AGGRESSIVE;
				CLANG_CXX_LANGUAGE_STANDARD = "gnu++17";
				CLANG_ENABLE_MODULES = YES;
				CLANG_ENABLE_OBJC_ARC = YES;
				CLANG_ENABLE_OBJC_WEAK = YES;
				CLANG_WARN_BLOCK_CAPTURE_AUTORELEASING = YES;
				CLANG_WARN_BOOL_CONVERSION = YES;
				CLANG_WARN_COMMA = YES;
				CLANG_WARN_CONSTANT_CONVERSION = YES;
				CLANG_WARN_DEPRECATED_OBJC_IMPLEMENTATIONS = YES;
				CLANG_WARN_DIRECT_OBJC_ISA_USAGE = YES_ERROR;
				CLANG_WARN_DOCUMENTATION_COMMENTS = YES;
				CLANG_WARN_EMPTY_BODY = YES;
				CLANG_WARN_ENUM_CONVERSION = YES;
				CLANG_WARN_INFINITE_RECURSION = YES;
				CLANG_WARN_INT_CONVERSION = YES;
				CLANG_WARN_NON_LITERAL_NULL_CONVERSION = YES;
				CLANG_WARN_OBJC_IMPLICIT_RETAIN_SELF = YES;
				CLANG_WARN_OBJC_LITERAL_CONVERSION = YES;
				CLANG_WARN_OBJC_ROOT_CLASS = YES_ERROR;
				CLANG_WARN_QUOTED_INCLUDE_IN_FRAMEWORK_HEADER = YES;
				CLANG_WARN_RANGE_LOOP_ANALYSIS = YES;
				CLANG_WARN_STRICT_PROTOTYPES = YES;
				CLANG_WARN_SUSPICIOUS_MOVE = YES;
				CLANG_WARN_UNGUARDED_AVAILABILITY = YES_AGGRESSIVE;
				CLANG_WARN_UNREACHABLE_CODE = YES;
				CLANG_WARN__DUPLICATE_METHOD_MATCH = YES;
				COPY_PHASE_STRIP = NO;
				DEBUG_INFORMATION_FORMAT = dwarf;
				ENABLE_STRICT_OBJC_MSGSEND = YES;
				ENABLE_TESTABILITY = YES;
				GCC_C_LANGUAGE_STANDARD = gnu11;
				GCC_DYNAMIC_NO_PIC = NO;
				GCC_NO_COMMON_BLOCKS = YES;
				GCC_OPTIMIZATION_LEVEL = 0;
				GCC_PREPROCESSOR_DEFINITIONS = (
					"DEBUG=1",
					"$(inherited)",
				);
				GCC_WARN_64_TO_32_BIT_CONVERSION = YES;
				GCC_WARN_ABOUT_RETURN_TYPE = YES_ERROR;
				GCC_WARN_UNDECLARED_SELECTOR = YES;
				GCC_WARN_UNINITIALIZED_AUTOS = YES_AGGRESSIVE;
				GCC_WARN_UNUSED_FUNCTION = YES;
				GCC_WARN_UNUSED_VARIABLE = YES;
				IPHONEOS_DEPLOYMENT_TARGET = 15.5;
				MTL_ENABLE_DEBUG_INFO = INCLUDE_SOURCE;
				MTL_FAST_MATH = YES;
				ONLY_ACTIVE_ARCH = YES;
				SDKROOT = iphoneos;
				SWIFT_ACTIVE_COMPILATION_CONDITIONS = DEBUG;
				SWIFT_OPTIMIZATION_LEVEL = "-Onone";
			};
			name = Debug;
		};
		278BC04E28D33EC800D890A9 /* Release */ = {
			isa = XCBuildConfiguration;
			buildSettings = {
				ALWAYS_SEARCH_USER_PATHS = NO;
				CLANG_ANALYZER_NONNULL = YES;
				CLANG_ANALYZER_NUMBER_OBJECT_CONVERSION = YES_AGGRESSIVE;
				CLANG_CXX_LANGUAGE_STANDARD = "gnu++17";
				CLANG_ENABLE_MODULES = YES;
				CLANG_ENABLE_OBJC_ARC = YES;
				CLANG_ENABLE_OBJC_WEAK = YES;
				CLANG_WARN_BLOCK_CAPTURE_AUTORELEASING = YES;
				CLANG_WARN_BOOL_CONVERSION = YES;
				CLANG_WARN_COMMA = YES;
				CLANG_WARN_CONSTANT_CONVERSION = YES;
				CLANG_WARN_DEPRECATED_OBJC_IMPLEMENTATIONS = YES;
				CLANG_WARN_DIRECT_OBJC_ISA_USAGE = YES_ERROR;
				CLANG_WARN_DOCUMENTATION_COMMENTS = YES;
				CLANG_WARN_EMPTY_BODY = YES;
				CLANG_WARN_ENUM_CONVERSION = YES;
				CLANG_WARN_INFINITE_RECURSION = YES;
				CLANG_WARN_INT_CONVERSION = YES;
				CLANG_WARN_NON_LITERAL_NULL_CONVERSION = YES;
				CLANG_WARN_OBJC_IMPLICIT_RETAIN_SELF = YES;
				CLANG_WARN_OBJC_LITERAL_CONVERSION = YES;
				CLANG_WARN_OBJC_ROOT_CLASS = YES_ERROR;
				CLANG_WARN_QUOTED_INCLUDE_IN_FRAMEWORK_HEADER = YES;
				CLANG_WARN_RANGE_LOOP_ANALYSIS = YES;
				CLANG_WARN_STRICT_PROTOTYPES = YES;
				CLANG_WARN_SUSPICIOUS_MOVE = YES;
				CLANG_WARN_UNGUARDED_AVAILABILITY = YES_AGGRESSIVE;
				CLANG_WARN_UNREACHABLE_CODE = YES;
				CLANG_WARN__DUPLICATE_METHOD_MATCH = YES;
				COPY_PHASE_STRIP = NO;
				DEBUG_INFORMATION_FORMAT = "dwarf-with-dsym";
				ENABLE_NS_ASSERTIONS = NO;
				ENABLE_STRICT_OBJC_MSGSEND = YES;
				GCC_C_LANGUAGE_STANDARD = gnu11;
				GCC_NO_COMMON_BLOCKS = YES;
				GCC_WARN_64_TO_32_BIT_CONVERSION = YES;
				GCC_WARN_ABOUT_RETURN_TYPE = YES_ERROR;
				GCC_WARN_UNDECLARED_SELECTOR = YES;
				GCC_WARN_UNINITIALIZED_AUTOS = YES_AGGRESSIVE;
				GCC_WARN_UNUSED_FUNCTION = YES;
				GCC_WARN_UNUSED_VARIABLE = YES;
				IPHONEOS_DEPLOYMENT_TARGET = 15.5;
				MTL_ENABLE_DEBUG_INFO = NO;
				MTL_FAST_MATH = YES;
				SDKROOT = iphoneos;
				SWIFT_COMPILATION_MODE = wholemodule;
				SWIFT_OPTIMIZATION_LEVEL = "-O";
				VALIDATE_PRODUCT = YES;
			};
			name = Release;
		};
		278BC05028D33EC800D890A9 /* Debug */ = {
			isa = XCBuildConfiguration;
			buildSettings = {
				ASSETCATALOG_COMPILER_APPICON_NAME = AppIcon;
				ASSETCATALOG_COMPILER_GLOBAL_ACCENT_COLOR_NAME = AccentColor;
				CODE_SIGN_STYLE = Automatic;
				CURRENT_PROJECT_VERSION = 1;
				GENERATE_INFOPLIST_FILE = YES;
				INFOPLIST_FILE = MicroDemands/Info.plist;
				INFOPLIST_KEY_UIApplicationSupportsIndirectInputEvents = YES;
				INFOPLIST_KEY_UILaunchStoryboardName = LaunchScreen;
				INFOPLIST_KEY_UIMainStoryboardFile = Main;
				INFOPLIST_KEY_UISupportedInterfaceOrientations_iPad = "UIInterfaceOrientationPortrait UIInterfaceOrientationPortraitUpsideDown UIInterfaceOrientationLandscapeLeft UIInterfaceOrientationLandscapeRight";
				INFOPLIST_KEY_UISupportedInterfaceOrientations_iPhone = "UIInterfaceOrientationPortrait UIInterfaceOrientationLandscapeLeft UIInterfaceOrientationLandscapeRight";
				LD_RUNPATH_SEARCH_PATHS = (
					"$(inherited)",
					"@executable_path/Frameworks",
				);
				MARKETING_VERSION = 1.0;
				PRODUCT_BUNDLE_IDENTIFIER = "ldt-technology.MicroDemands";
				PRODUCT_NAME = "$(TARGET_NAME)";
				SWIFT_EMIT_LOC_STRINGS = YES;
				SWIFT_VERSION = 5.0;
				TARGETED_DEVICE_FAMILY = "1,2";
			};
			name = Debug;
		};
		278BC05128D33EC800D890A9 /* Release */ = {
			isa = XCBuildConfiguration;
			buildSettings = {
				ASSETCATALOG_COMPILER_APPICON_NAME = AppIcon;
				ASSETCATALOG_COMPILER_GLOBAL_ACCENT_COLOR_NAME = AccentColor;
				CODE_SIGN_STYLE = Automatic;
				CURRENT_PROJECT_VERSION = 1;
				GENERATE_INFOPLIST_FILE = YES;
				INFOPLIST_FILE = MicroDemands/Info.plist;
				INFOPLIST_KEY_UIApplicationSupportsIndirectInputEvents = YES;
				INFOPLIST_KEY_UILaunchStoryboardName = LaunchScreen;
				INFOPLIST_KEY_UIMainStoryboardFile = Main;
				INFOPLIST_KEY_UISupportedInterfaceOrientations_iPad = "UIInterfaceOrientationPortrait UIInterfaceOrientationPortraitUpsideDown UIInterfaceOrientationLandscapeLeft UIInterfaceOrientationLandscapeRight";
				INFOPLIST_KEY_UISupportedInterfaceOrientations_iPhone = "UIInterfaceOrientationPortrait UIInterfaceOrientationLandscapeLeft UIInterfaceOrientationLandscapeRight";
				LD_RUNPATH_SEARCH_PATHS = (
					"$(inherited)",
					"@executable_path/Frameworks",
				);
				MARKETING_VERSION = 1.0;
				PRODUCT_BUNDLE_IDENTIFIER = "ldt-technology.MicroDemands";
				PRODUCT_NAME = "$(TARGET_NAME)";
				SWIFT_EMIT_LOC_STRINGS = YES;
				SWIFT_VERSION = 5.0;
				TARGETED_DEVICE_FAMILY = "1,2";
			};
			name = Release;
		};
		278BC05328D33EC800D890A9 /* Debug */ = {
			isa = XCBuildConfiguration;
			buildSettings = {
				ALWAYS_EMBED_SWIFT_STANDARD_LIBRARIES = YES;
				BUNDLE_LOADER = "$(TEST_HOST)";
				CODE_SIGN_STYLE = Automatic;
				CURRENT_PROJECT_VERSION = 1;
				GENERATE_INFOPLIST_FILE = YES;
				IPHONEOS_DEPLOYMENT_TARGET = 15.5;
				MARKETING_VERSION = 1.0;
				PRODUCT_BUNDLE_IDENTIFIER = "ldt-technology.MicroDemandsTests";
				PRODUCT_NAME = "$(TARGET_NAME)";
				SWIFT_EMIT_LOC_STRINGS = NO;
				SWIFT_VERSION = 5.0;
				TARGETED_DEVICE_FAMILY = "1,2";
				TEST_HOST = "$(BUILT_PRODUCTS_DIR)/MicroDemands.app/MicroDemands";
			};
			name = Debug;
		};
		278BC05428D33EC800D890A9 /* Release */ = {
			isa = XCBuildConfiguration;
			buildSettings = {
				ALWAYS_EMBED_SWIFT_STANDARD_LIBRARIES = YES;
				BUNDLE_LOADER = "$(TEST_HOST)";
				CODE_SIGN_STYLE = Automatic;
				CURRENT_PROJECT_VERSION = 1;
				GENERATE_INFOPLIST_FILE = YES;
				IPHONEOS_DEPLOYMENT_TARGET = 15.5;
				MARKETING_VERSION = 1.0;
				PRODUCT_BUNDLE_IDENTIFIER = "ldt-technology.MicroDemandsTests";
				PRODUCT_NAME = "$(TARGET_NAME)";
				SWIFT_EMIT_LOC_STRINGS = NO;
				SWIFT_VERSION = 5.0;
				TARGETED_DEVICE_FAMILY = "1,2";
				TEST_HOST = "$(BUILT_PRODUCTS_DIR)/MicroDemands.app/MicroDemands";
			};
			name = Release;
		};
		278BC05628D33EC800D890A9 /* Debug */ = {
			isa = XCBuildConfiguration;
			buildSettings = {
				ALWAYS_EMBED_SWIFT_STANDARD_LIBRARIES = YES;
				CODE_SIGN_STYLE = Automatic;
				CURRENT_PROJECT_VERSION = 1;
				GENERATE_INFOPLIST_FILE = YES;
				MARKETING_VERSION = 1.0;
				PRODUCT_BUNDLE_IDENTIFIER = "ldt-technology.MicroDemandsUITests";
				PRODUCT_NAME = "$(TARGET_NAME)";
				SWIFT_EMIT_LOC_STRINGS = NO;
				SWIFT_VERSION = 5.0;
				TARGETED_DEVICE_FAMILY = "1,2";
				TEST_TARGET_NAME = MicroDemands;
			};
			name = Debug;
		};
		278BC05728D33EC800D890A9 /* Release */ = {
			isa = XCBuildConfiguration;
			buildSettings = {
				ALWAYS_EMBED_SWIFT_STANDARD_LIBRARIES = YES;
				CODE_SIGN_STYLE = Automatic;
				CURRENT_PROJECT_VERSION = 1;
				GENERATE_INFOPLIST_FILE = YES;
				MARKETING_VERSION = 1.0;
				PRODUCT_BUNDLE_IDENTIFIER = "ldt-technology.MicroDemandsUITests";
				PRODUCT_NAME = "$(TARGET_NAME)";
				SWIFT_EMIT_LOC_STRINGS = NO;
				SWIFT_VERSION = 5.0;
				TARGETED_DEVICE_FAMILY = "1,2";
				TEST_TARGET_NAME = MicroDemands;
			};
			name = Release;
		};
/* End XCBuildConfiguration section */

/* Begin XCConfigurationList section */
		278BC01D28D33EC500D890A9 /* Build configuration list for PBXProject "MicroDemands" */ = {
			isa = XCConfigurationList;
			buildConfigurations = (
				278BC04D28D33EC800D890A9 /* Debug */,
				278BC04E28D33EC800D890A9 /* Release */,
			);
			defaultConfigurationIsVisible = 0;
			defaultConfigurationName = Release;
		};
		278BC04F28D33EC800D890A9 /* Build configuration list for PBXNativeTarget "MicroDemands" */ = {
			isa = XCConfigurationList;
			buildConfigurations = (
				278BC05028D33EC800D890A9 /* Debug */,
				278BC05128D33EC800D890A9 /* Release */,
			);
			defaultConfigurationIsVisible = 0;
			defaultConfigurationName = Release;
		};
		278BC05228D33EC800D890A9 /* Build configuration list for PBXNativeTarget "MicroDemandsTests" */ = {
			isa = XCConfigurationList;
			buildConfigurations = (
				278BC05328D33EC800D890A9 /* Debug */,
				278BC05428D33EC800D890A9 /* Release */,
			);
			defaultConfigurationIsVisible = 0;
			defaultConfigurationName = Release;
		};
		278BC05528D33EC800D890A9 /* Build configuration list for PBXNativeTarget "MicroDemandsUITests" */ = {
			isa = XCConfigurationList;
			buildConfigurations = (
				278BC05628D33EC800D890A9 /* Debug */,
				278BC05728D33EC800D890A9 /* Release */,
			);
			defaultConfigurationIsVisible = 0;
			defaultConfigurationName = Release;
		};
/* End XCConfigurationList section */

/* Begin XCVersionGroup section */
		278BC02E28D33EC500D890A9 /* MicroDemands.xcdatamodeld */ = {
			isa = XCVersionGroup;
			children = (
				278BC02F28D33EC500D890A9 /* MicroDemands.xcdatamodel */,
			);
			currentVersion = 278BC02F28D33EC500D890A9 /* MicroDemands.xcdatamodel */;
			path = MicroDemands.xcdatamodeld;
			sourceTree = "<group>";
			versionGroupType = wrapper.xcdatamodel;
		};
/* End XCVersionGroup section */
	};
	rootObject = 278BC01A28D33EC500D890A9 /* Project object */;
}
